autolinks=1.1.0
callouts=1.3.1
coding-ligatures=1.1.0
continue-working=1.1.0
definition-lists=1.1.0
details=1.3.0
external-files=1.7.3
favorites=1.1.0
footnotes=1.1.0
includes=1.3.2
mermaid=1.1.0
page-report=1.2.1
popular-pages=1.1.0
recent-changes=1.1.0
recently-viewed=1.1.0
related-pages=1.1.0
revision-history=1.1.0
simple-icons=1.1.0
snippets=1.2.0
status-dropdowns=1.6.1
strikethrough=1.2.0
subpages=1.3.0
syntax-highlighting=1.5.0
tables=1.1.1
tabs=1.3.0
task-lists=1.2.0
typographer=1.1.0
variables=1.4.2
wiki-links=1.2.0
