autolinks=1.1.0
callouts=1.2.0
coding-ligatures=1.1.0
continue-working=1.1.0
definition-lists=1.1.0
details=1.2.0
external-files=1.7.0
favorites=1.1.0
footnotes=1.1.0
includes=1.2.0
mermaid=1.1.0
page-report=1.2.0
popular-pages=1.1.0
recent-changes=1.1.0
recently-viewed=1.1.0
related-pages=1.1.0
revision-history=1.1.0
simple-icons=1.1.0
snippets=1.2.0
status-dropdowns=1.5.0
strikethrough=1.1.0
subpages=1.2.0
syntax-highlighting=1.5.0
tables=1.1.0
tabs=1.2.0
task-lists=1.1.0
typographer=1.1.0
variables=1.2.0
wiki-links=1.2.0
