autolinks=1.1.1
callouts=1.4.0
coding-ligatures=1.1.1
continue-working=1.1.2
definition-lists=1.1.1
details=1.3.1
external-files=1.10.3
favorites=1.1.2
footnotes=1.1.1
includes=1.4.2
mermaid=1.1.1
page-report=1.2.4
popular-pages=1.1.2
recent-changes=1.1.2
recently-viewed=1.1.2
related-pages=1.1.2
revision-history=1.1.2
simple-icons=1.1.1
snippets=1.2.1
status-dropdowns=1.6.5
strikethrough=1.2.1
subpages=1.3.2
syntax-highlighting=1.5.1
tables=1.2.0
tabs=1.3.1
task-lists=1.3.1
tasks=1.7.1
typographer=1.1.1
variables=1.4.3
wiki-links=1.2.2
